
Microsoft Visual Studio Solution File, Format Version 12.00
# Visual Studio Version 17
VisualStudioVersion = 17.14.36429.23
MinimumVisualStudioVersion = 10.0.40219.1
Project("{2150E333-8FDC-42A3-9474-1A3956D46DE8}") = "Task0", "Task0", "{02EA681E-C7D8-13C7-8484-4AC65E1B71E8}"
EndProject
Project("{FAE04EC0-301F-11D3-BF4B-00C04F79EFBC}") = "Tyuiu.SvaykinVE.Sprint6.Task0.V18.Test", "Tyuiu.SvaykinVE.Sprint6.Task0.V18.Test\Tyuiu.SvaykinVE.Sprint6.Task0.V18.Test.csproj", "{FA9C3F3F-820F-4F16-9AAE-B3356C4BBFED}"
EndProject
Project("{FAE04EC0-301F-11D3-BF4B-00C04F79EFBC}") = "Tyuiu.SvaykinVE.Sprint6.Task0.V18.Lib", "Tyuiu.SvaykinVE.Sprint6.Task0.V18.Lib\Tyuiu.SvaykinVE.Sprint6.Task0.V18.Lib.csproj", "{20E53EE7-29FC-4AEA-BC59-F3EA97258628}"
EndProject
Project("{FAE04EC0-301F-11D3-BF4B-00C04F79EFBC}") = "Tyuiu.SvaykinVE.Sprint6.Task0.V18", "Tyuiu.SvaykinVE.Sprint6.Task0.V18\Tyuiu.SvaykinVE.Sprint6.Task0.V18.csproj", "{2329D6EA-0C95-4AE2-BC5A-602A24B60880}"
EndProject
Project("{2150E333-8FDC-42A3-9474-1A3956D46DE8}") = "Task1", "Task1", "{CAB30F7B-3A80-47AC-88C2-6F356B36ADE8}"
EndProject
Project("{FAE04EC0-301F-11D3-BF4B-00C04F79EFBC}") = "Tyuiu.SvaykinVE.Sprint6.Task1.V3.Test", "Tyuiu.SvaykinVE.Sprint6.Task1.V3.Test\Tyuiu.SvaykinVE.Sprint6.Task1.V3.Test.csproj", "{364C26B5-63D8-4B31-8815-F1D396F97293}"
EndProject
Project("{FAE04EC0-301F-11D3-BF4B-00C04F79EFBC}") = "Tyuiu.SvaykinVE.Sprint6.Task1.V3.Lib", "Tyuiu.SvaykinVE.Sprint6.Task1.V3.Lib\Tyuiu.SvaykinVE.Sprint6.Task1.V3.Lib.csproj", "{CF622A36-B7A0-4A9E-991B-D617299FDA54}"
EndProject
Project("{FAE04EC0-301F-11D3-BF4B-00C04F79EFBC}") = "Tyuiu.SvaykinVE.Sprint6.Task1.V3", "Tyuiu.SvaykinVE.Sprint6.Task1.V3\Tyuiu.SvaykinVE.Sprint6.Task1.V3.csproj", "{18963871-2D38-4981-B7FE-F95015EA3AA3}"
EndProject
Project("{2150E333-8FDC-42A3-9474-1A3956D46DE8}") = "Task2", "Task2", "{4D806513-3711-498E-96C3-E2A8C65B08D7}"
EndProject
Project("{FAE04EC0-301F-11D3-BF4B-00C04F79EFBC}") = "Tyuiu.SvaykinVE.Sprint6.Task2.V8.Test", "Tyuiu.SvaykinVE.Sprint6.Task2.V8.Test\Tyuiu.SvaykinVE.Sprint6.Task2.V8.Test.csproj", "{5635184E-0653-480A-8E97-6389C24BF991}"
EndProject
Project("{FAE04EC0-301F-11D3-BF4B-00C04F79EFBC}") = "Tyuiu.SvaykinVE.Sprint6.Task2.V8.Lib", "Tyuiu.SvaykinVE.Sprint6.Task2.V8.Lib\Tyuiu.SvaykinVE.Sprint6.Task2.V8.Lib.csproj", "{12EAB212-3F27-408E-9AE8-3299CAE7730E}"
EndProject
Project("{FAE04EC0-301F-11D3-BF4B-00C04F79EFBC}") = "Tyuiu.SvaykinVE.Sprint6.Task2.V8", "Tyuiu.SvaykinVE.Sprint6.Task2.V8\Tyuiu.SvaykinVE.Sprint6.Task2.V8.csproj", "{51CB458B-5191-49DD-9E8D-4E37ABF79203}"
EndProject
Project("{2150E333-8FDC-42A3-9474-1A3956D46DE8}") = "Task3", "Task3", "{77AEE4C9-F993-416F-A731-F290E62F6A56}"
EndProject
Project("{FAE04EC0-301F-11D3-BF4B-00C04F79EFBC}") = "Tyuiu.SvaykinVE.Sprint6.Task3.V20.Test", "Tyuiu.SvaykinVE.Sprint6.Task3.V20.Test\Tyuiu.SvaykinVE.Sprint6.Task3.V20.Test.csproj", "{E33C84AE-F5E0-45AE-889A-8F890651D813}"
EndProject
Project("{FAE04EC0-301F-11D3-BF4B-00C04F79EFBC}") = "Tyuiu.SvaykinVE.Sprint6.Task3.V20.Lib", "Tyuiu.SvaykinVE.Sprint6.Task3.V20.Lib\Tyuiu.SvaykinVE.Sprint6.Task3.V20.Lib.csproj", "{C9307729-8ECB-45CF-845B-F64305B9B034}"
EndProject
Project("{FAE04EC0-301F-11D3-BF4B-00C04F79EFBC}") = "Tyuiu.SvaykinVE.Sprint6.Task3.V20", "Tyuiu.SvaykinVE.Sprint6.Task3.V20\Tyuiu.SvaykinVE.Sprint6.Task3.V20.csproj", "{AB57D8C8-844E-44F3-A2D2-2C64760BBD66}"
EndProject
Global
	GlobalSection(SolutionConfigurationPlatforms) = preSolution
		Debug|Any CPU = Debug|Any CPU
		Release|Any CPU = Release|Any CPU
	EndGlobalSection
	GlobalSection(ProjectConfigurationPlatforms) = postSolution
		{FA9C3F3F-820F-4F16-9AAE-B3356C4BBFED}.Debug|Any CPU.ActiveCfg = Debug|Any CPU
		{FA9C3F3F-820F-4F16-9AAE-B3356C4BBFED}.Debug|Any CPU.Build.0 = Debug|Any CPU
		{FA9C3F3F-820F-4F16-9AAE-B3356C4BBFED}.Release|Any CPU.ActiveCfg = Release|Any CPU
		{FA9C3F3F-820F-4F16-9AAE-B3356C4BBFED}.Release|Any CPU.Build.0 = Release|Any CPU
		{20E53EE7-29FC-4AEA-BC59-F3EA97258628}.Debug|Any CPU.ActiveCfg = Debug|Any CPU
		{20E53EE7-29FC-4AEA-BC59-F3EA97258628}.Debug|Any CPU.Build.0 = Debug|Any CPU
		{20E53EE7-29FC-4AEA-BC59-F3EA97258628}.Release|Any CPU.ActiveCfg = Release|Any CPU
		{20E53EE7-29FC-4AEA-BC59-F3EA97258628}.Release|Any CPU.Build.0 = Release|Any CPU
		{2329D6EA-0C95-4AE2-BC5A-602A24B60880}.Debug|Any CPU.ActiveCfg = Debug|Any CPU
		{2329D6EA-0C95-4AE2-BC5A-602A24B60880}.Debug|Any CPU.Build.0 = Debug|Any CPU
		{2329D6EA-0C95-4AE2-BC5A-602A24B60880}.Release|Any CPU.ActiveCfg = Release|Any CPU
		{2329D6EA-0C95-4AE2-BC5A-602A24B60880}.Release|Any CPU.Build.0 = Release|Any CPU
		{364C26B5-63D8-4B31-8815-F1D396F97293}.Debug|Any CPU.ActiveCfg = Debug|Any CPU
		{364C26B5-63D8-4B31-8815-F1D396F97293}.Debug|Any CPU.Build.0 = Debug|Any CPU
		{364C26B5-63D8-4B31-8815-F1D396F97293}.Release|Any CPU.ActiveCfg = Release|Any CPU
		{364C26B5-63D8-4B31-8815-F1D396F97293}.Release|Any CPU.Build.0 = Release|Any CPU
		{CF622A36-B7A0-4A9E-991B-D617299FDA54}.Debug|Any CPU.ActiveCfg = Debug|Any CPU
		{CF622A36-B7A0-4A9E-991B-D617299FDA54}.Debug|Any CPU.Build.0 = Debug|Any CPU
		{CF622A36-B7A0-4A9E-991B-D617299FDA54}.Release|Any CPU.ActiveCfg = Release|Any CPU
		{CF622A36-B7A0-4A9E-991B-D617299FDA54}.Release|Any CPU.Build.0 = Release|Any CPU
		{18963871-2D38-4981-B7FE-F95015EA3AA3}.Debug|Any CPU.ActiveCfg = Debug|Any CPU
		{18963871-2D38-4981-B7FE-F95015EA3AA3}.Debug|Any CPU.Build.0 = Debug|Any CPU
		{18963871-2D38-4981-B7FE-F95015EA3AA3}.Release|Any CPU.ActiveCfg = Release|Any CPU
		{18963871-2D38-4981-B7FE-F95015EA3AA3}.Release|Any CPU.Build.0 = Release|Any CPU
		{5635184E-0653-480A-8E97-6389C24BF991}.Debug|Any CPU.ActiveCfg = Debug|Any CPU
		{5635184E-0653-480A-8E97-6389C24BF991}.Debug|Any CPU.Build.0 = Debug|Any CPU
		{5635184E-0653-480A-8E97-6389C24BF991}.Release|Any CPU.ActiveCfg = Release|Any CPU
		{5635184E-0653-480A-8E97-6389C24BF991}.Release|Any CPU.Build.0 = Release|Any CPU
		{12EAB212-3F27-408E-9AE8-3299CAE7730E}.Debug|Any CPU.ActiveCfg = Debug|Any CPU
		{12EAB212-3F27-408E-9AE8-3299CAE7730E}.Debug|Any CPU.Build.0 = Debug|Any CPU
		{12EAB212-3F27-408E-9AE8-3299CAE7730E}.Release|Any CPU.ActiveCfg = Release|Any CPU
		{12EAB212-3F27-408E-9AE8-3299CAE7730E}.Release|Any CPU.Build.0 = Release|Any CPU
		{51CB458B-5191-49DD-9E8D-4E37ABF79203}.Debug|Any CPU.ActiveCfg = Debug|Any CPU
		{51CB458B-5191-49DD-9E8D-4E37ABF79203}.Debug|Any CPU.Build.0 = Debug|Any CPU
		{51CB458B-5191-49DD-9E8D-4E37ABF79203}.Release|Any CPU.ActiveCfg = Release|Any CPU
		{51CB458B-5191-49DD-9E8D-4E37ABF79203}.Release|Any CPU.Build.0 = Release|Any CPU
		{E33C84AE-F5E0-45AE-889A-8F890651D813}.Debug|Any CPU.ActiveCfg = Debug|Any CPU
		{E33C84AE-F5E0-45AE-889A-8F890651D813}.Debug|Any CPU.Build.0 = Debug|Any CPU
		{E33C84AE-F5E0-45AE-889A-8F890651D813}.Release|Any CPU.ActiveCfg = Release|Any CPU
		{E33C84AE-F5E0-45AE-889A-8F890651D813}.Release|Any CPU.Build.0 = Release|Any CPU
		{C9307729-8ECB-45CF-845B-F64305B9B034}.Debug|Any CPU.ActiveCfg = Debug|Any CPU
		{C9307729-8ECB-45CF-845B-F64305B9B034}.Debug|Any CPU.Build.0 = Debug|Any CPU
		{C9307729-8ECB-45CF-845B-F64305B9B034}.Release|Any CPU.ActiveCfg = Release|Any CPU
		{C9307729-8ECB-45CF-845B-F64305B9B034}.Release|Any CPU.Build.0 = Release|Any CPU
		{AB57D8C8-844E-44F3-A2D2-2C64760BBD66}.Debug|Any CPU.ActiveCfg = Debug|Any CPU
		{AB57D8C8-844E-44F3-A2D2-2C64760BBD66}.Debug|Any CPU.Build.0 = Debug|Any CPU
		{AB57D8C8-844E-44F3-A2D2-2C64760BBD66}.Release|Any CPU.ActiveCfg = Release|Any CPU
		{AB57D8C8-844E-44F3-A2D2-2C64760BBD66}.Release|Any CPU.Build.0 = Release|Any CPU
	EndGlobalSection
	GlobalSection(SolutionProperties) = preSolution
		HideSolutionNode = FALSE
	EndGlobalSection
	GlobalSection(NestedProjects) = preSolution
		{FA9C3F3F-820F-4F16-9AAE-B3356C4BBFED} = {02EA681E-C7D8-13C7-8484-4AC65E1B71E8}
		{20E53EE7-29FC-4AEA-BC59-F3EA97258628} = {02EA681E-C7D8-13C7-8484-4AC65E1B71E8}
		{2329D6EA-0C95-4AE2-BC5A-602A24B60880} = {02EA681E-C7D8-13C7-8484-4AC65E1B71E8}
		{364C26B5-63D8-4B31-8815-F1D396F97293} = {CAB30F7B-3A80-47AC-88C2-6F356B36ADE8}
		{CF622A36-B7A0-4A9E-991B-D617299FDA54} = {CAB30F7B-3A80-47AC-88C2-6F356B36ADE8}
		{18963871-2D38-4981-B7FE-F95015EA3AA3} = {CAB30F7B-3A80-47AC-88C2-6F356B36ADE8}
		{5635184E-0653-480A-8E97-6389C24BF991} = {4D806513-3711-498E-96C3-E2A8C65B08D7}
		{12EAB212-3F27-408E-9AE8-3299CAE7730E} = {4D806513-3711-498E-96C3-E2A8C65B08D7}
		{51CB458B-5191-49DD-9E8D-4E37ABF79203} = {4D806513-3711-498E-96C3-E2A8C65B08D7}
		{E33C84AE-F5E0-45AE-889A-8F890651D813} = {77AEE4C9-F993-416F-A731-F290E62F6A56}
		{C9307729-8ECB-45CF-845B-F64305B9B034} = {77AEE4C9-F993-416F-A731-F290E62F6A56}
		{AB57D8C8-844E-44F3-A2D2-2C64760BBD66} = {77AEE4C9-F993-416F-A731-F290E62F6A56}
	EndGlobalSection
	GlobalSection(ExtensibilityGlobals) = postSolution
		SolutionGuid = {1D3BFFBA-6959-4EE8-890B-CC15972B500E}
	EndGlobalSection
EndGlobal
