
Microsoft Visual Studio Solution File, Format Version 12.00
# Visual Studio Version 17
VisualStudioVersion = 17.14.36429.23
MinimumVisualStudioVersion = 10.0.40219.1
Project("{2150E333-8FDC-42A3-9474-1A3956D46DE8}") = "Task0", "Task0", "{02EA681E-C7D8-13C7-8484-4AC65E1B71E8}"
EndProject
Project("{FAE04EC0-301F-11D3-BF4B-00C04F79EFBC}") = "Tyuiu.SvaykinVE.Sprint6.Task0.V18.Test", "Tyuiu.SvaykinVE.Sprint6.Task0.V18.Test\Tyuiu.SvaykinVE.Sprint6.Task0.V18.Test.csproj", "{FA9C3F3F-820F-4F16-9AAE-B3356C4BBFED}"
EndProject
Project("{FAE04EC0-301F-11D3-BF4B-00C04F79EFBC}") = "Tyuiu.SvaykinVE.Sprint6.Task0.V18.Lib", "Tyuiu.SvaykinVE.Sprint6.Task0.V18.Lib\Tyuiu.SvaykinVE.Sprint6.Task0.V18.Lib.csproj", "{20E53EE7-29FC-4AEA-BC59-F3EA97258628}"
EndProject
Project("{FAE04EC0-301F-11D3-BF4B-00C04F79EFBC}") = "Tyuiu.SvaykinVE.Sprint6.Task0.V18", "Tyuiu.SvaykinVE.Sprint6.Task0.V18\Tyuiu.SvaykinVE.Sprint6.Task0.V18.csproj", "{2329D6EA-0C95-4AE2-BC5A-602A24B60880}"
EndProject
Global
	GlobalSection(SolutionConfigurationPlatforms) = preSolution
		Debug|Any CPU = Debug|Any CPU
		Release|Any CPU = Release|Any CPU
	EndGlobalSection
	GlobalSection(ProjectConfigurationPlatforms) = postSolution
		{FA9C3F3F-820F-4F16-9AAE-B3356C4BBFED}.Debug|Any CPU.ActiveCfg = Debug|Any CPU
		{FA9C3F3F-820F-4F16-9AAE-B3356C4BBFED}.Debug|Any CPU.Build.0 = Debug|Any CPU
		{FA9C3F3F-820F-4F16-9AAE-B3356C4BBFED}.Release|Any CPU.ActiveCfg = Release|Any CPU
		{FA9C3F3F-820F-4F16-9AAE-B3356C4BBFED}.Release|Any CPU.Build.0 = Release|Any CPU
		{20E53EE7-29FC-4AEA-BC59-F3EA97258628}.Debug|Any CPU.ActiveCfg = Debug|Any CPU
		{20E53EE7-29FC-4AEA-BC59-F3EA97258628}.Debug|Any CPU.Build.0 = Debug|Any CPU
		{20E53EE7-29FC-4AEA-BC59-F3EA97258628}.Release|Any CPU.ActiveCfg = Release|Any CPU
		{20E53EE7-29FC-4AEA-BC59-F3EA97258628}.Release|Any CPU.Build.0 = Release|Any CPU
		{2329D6EA-0C95-4AE2-BC5A-602A24B60880}.Debug|Any CPU.ActiveCfg = Debug|Any CPU
		{2329D6EA-0C95-4AE2-BC5A-602A24B60880}.Debug|Any CPU.Build.0 = Debug|Any CPU
		{2329D6EA-0C95-4AE2-BC5A-602A24B60880}.Release|Any CPU.ActiveCfg = Release|Any CPU
		{2329D6EA-0C95-4AE2-BC5A-602A24B60880}.Release|Any CPU.Build.0 = Release|Any CPU
	EndGlobalSection
	GlobalSection(SolutionProperties) = preSolution
		HideSolutionNode = FALSE
	EndGlobalSection
	GlobalSection(NestedProjects) = preSolution
		{FA9C3F3F-820F-4F16-9AAE-B3356C4BBFED} = {02EA681E-C7D8-13C7-8484-4AC65E1B71E8}
		{20E53EE7-29FC-4AEA-BC59-F3EA97258628} = {02EA681E-C7D8-13C7-8484-4AC65E1B71E8}
		{2329D6EA-0C95-4AE2-BC5A-602A24B60880} = {02EA681E-C7D8-13C7-8484-4AC65E1B71E8}
	EndGlobalSection
	GlobalSection(ExtensibilityGlobals) = postSolution
		SolutionGuid = {1D3BFFBA-6959-4EE8-890B-CC15972B500E}
	EndGlobalSection
EndGlobal
